
Microsoft Visual Studio Solution File, Format Version 12.00
# Visual Studio Version 17
VisualStudioVersion = 17.6.33723.286
MinimumVisualStudioVersion = 10.0.40219.1
Project("{FAE04EC0-301F-11D3-BF4B-00C04F79EFBC}") = "MB01", "MB01\MB01.csproj", "{C5EE6F84-935B-48CD-ADC1-0315D663A1BD}"
EndProject
Global
	GlobalSection(SolutionConfigurationPlatforms) = preSolution
		Debug|Any CPU = Debug|Any CPU
		Release|Any CPU = Release|Any CPU
	EndGlobalSection
	GlobalSection(ProjectConfigurationPlatforms) = postSolution
		{C5EE6F84-935B-48CD-ADC1-0315D663A1BD}.Debug|Any CPU.ActiveCfg = Debug|Any CPU
		{C5EE6F84-935B-48CD-ADC1-0315D663A1BD}.Debug|Any CPU.Build.0 = Debug|Any CPU
		{C5EE6F84-935B-48CD-ADC1-0315D663A1BD}.Release|Any CPU.ActiveCfg = Release|Any CPU
		{C5EE6F84-935B-48CD-ADC1-0315D663A1BD}.Release|Any CPU.Build.0 = Release|Any CPU
	EndGlobalSection
	GlobalSection(SolutionProperties) = preSolution
		HideSolutionNode = FALSE
	EndGlobalSection
	GlobalSection(ExtensibilityGlobals) = postSolution
		SolutionGuid = {48ECE047-872D-46FD-A5B8-2E314C4E546D}
	EndGlobalSection
EndGlobal
